
Microsoft Visual Studio Solution File, Format Version 12.00
# Visual Studio 15
VisualStudioVersion = 15.0.33423.255
MinimumVisualStudioVersion = 10.0.40219.1
Project("{8BC9CEB8-8B4A-11D0-8D11-00A0C91BC942}") = "umekomiTest", "umekomiTest\umekomiTest.vcxproj", "{7F4B0688-594B-4AA3-B2BC-31B592F70490}"
EndProject
Global
	GlobalSection(SolutionConfigurationPlatforms) = preSolution
		Debug|x64 = Debug|x64
		Debug|x86 = Debug|x86
		Release|x64 = Release|x64
		Release|x86 = Release|x86
	EndGlobalSection
	GlobalSection(ProjectConfigurationPlatforms) = postSolution
		{7F4B0688-594B-4AA3-B2BC-31B592F70490}.Debug|x64.ActiveCfg = Debug|x64
		{7F4B0688-594B-4AA3-B2BC-31B592F70490}.Debug|x64.Build.0 = Debug|x64
		{7F4B0688-594B-4AA3-B2BC-31B592F70490}.Debug|x86.ActiveCfg = Debug|Win32
		{7F4B0688-594B-4AA3-B2BC-31B592F70490}.Debug|x86.Build.0 = Debug|Win32
		{7F4B0688-594B-4AA3-B2BC-31B592F70490}.Release|x64.ActiveCfg = Release|x64
		{7F4B0688-594B-4AA3-B2BC-31B592F70490}.Release|x64.Build.0 = Release|x64
		{7F4B0688-594B-4AA3-B2BC-31B592F70490}.Release|x86.ActiveCfg = Release|Win32
		{7F4B0688-594B-4AA3-B2BC-31B592F70490}.Release|x86.Build.0 = Release|Win32
	EndGlobalSection
	GlobalSection(SolutionProperties) = preSolution
		HideSolutionNode = FALSE
	EndGlobalSection
	GlobalSection(ExtensibilityGlobals) = postSolution
		SolutionGuid = {6EC35E10-BF45-46E4-B7FC-E8D028F77BCB}
	EndGlobalSection
EndGlobal
